
Microsoft Visual Studio Solution File, Format Version 12.00
# Visual Studio Version 16
VisualStudioVersion = 25.0.1704.4
MinimumVisualStudioVersion = 10.0.40219.1
Project("{FAE04EC0-301F-11D3-BF4B-00C04F79EFBC}") = "FumigadorHogares", "FumigadorHogares\FumigadorHogares.csproj", "{ECEF01C9-0A67-4CFF-9E70-0201B812FEE7}"
EndProject
Global
	GlobalSection(SolutionConfigurationPlatforms) = preSolution
		Debug|Any CPU = Debug|Any CPU
		Release|Any CPU = Release|Any CPU
	EndGlobalSection
	GlobalSection(ProjectConfigurationPlatforms) = postSolution
		{ECEF01C9-0A67-4CFF-9E70-0201B812FEE7}.Debug|Any CPU.ActiveCfg = Debug|Any CPU
		{ECEF01C9-0A67-4CFF-9E70-0201B812FEE7}.Debug|Any CPU.Build.0 = Debug|Any CPU
		{ECEF01C9-0A67-4CFF-9E70-0201B812FEE7}.Release|Any CPU.ActiveCfg = Release|Any CPU
		{ECEF01C9-0A67-4CFF-9E70-0201B812FEE7}.Release|Any CPU.Build.0 = Release|Any CPU
	EndGlobalSection
	GlobalSection(SolutionProperties) = preSolution
		HideSolutionNode = FALSE
	EndGlobalSection
	GlobalSection(ExtensibilityGlobals) = postSolution
		SolutionGuid = {6E697BEA-68EA-42EC-9DAD-A0EE76AA0DB9}
	EndGlobalSection
EndGlobal
